
Microsoft Visual Studio Solution File, Format Version 12.00
# Visual Studio 15
VisualStudioVersion = 15.0.28010.2041
MinimumVisualStudioVersion = 10.0.40219.1
Project("{FAE04EC0-301F-11D3-BF4B-00C04F79EFBC}") = "FilmSite", "FilmSite\FilmSite.csproj", "{C9913E69-D1BE-40B0-9189-69CA672741D4}"
EndProject
Global
	GlobalSection(SolutionConfigurationPlatforms) = preSolution
		Debug|Any CPU = Debug|Any CPU
		Release|Any CPU = Release|Any CPU
	EndGlobalSection
	GlobalSection(ProjectConfigurationPlatforms) = postSolution
		{C9913E69-D1BE-40B0-9189-69CA672741D4}.Debug|Any CPU.ActiveCfg = Debug|Any CPU
		{C9913E69-D1BE-40B0-9189-69CA672741D4}.Debug|Any CPU.Build.0 = Debug|Any CPU
		{C9913E69-D1BE-40B0-9189-69CA672741D4}.Release|Any CPU.ActiveCfg = Release|Any CPU
		{C9913E69-D1BE-40B0-9189-69CA672741D4}.Release|Any CPU.Build.0 = Release|Any CPU
	EndGlobalSection
	GlobalSection(SolutionProperties) = preSolution
		HideSolutionNode = FALSE
	EndGlobalSection
	GlobalSection(ExtensibilityGlobals) = postSolution
		SolutionGuid = {635496BD-13A6-4C0E-8DB0-A9342A83783E}
	EndGlobalSection
EndGlobal
